
Microsoft Visual Studio Solution File, Format Version 12.00
# Visual Studio 15
VisualStudioVersion = 15.0.28307.271
MinimumVisualStudioVersion = 10.0.40219.1
Project("{FAE04EC0-301F-11D3-BF4B-00C04F79EFBC}") = "_001HelloWorld", "_001HelloWorld\_001HelloWorld.csproj", "{6377B1A2-FBF6-45F4-9CB2-9339B6DA6FAD}"
EndProject
Project("{FAE04EC0-301F-11D3-BF4B-00C04F79EFBC}") = "_002AddPanel", "_002AddPanel\_002AddPanel.csproj", "{2B04C8AD-E321-4263-8F2D-10DB5BA11805}"
EndProject
Project("{FAE04EC0-301F-11D3-BF4B-00C04F79EFBC}") = "_003SelectElements", "_003SelectElements\_003SelectElements.csproj", "{92B0755E-79DE-42EE-A127-610D2C5F95FA}"
EndProject
Project("{FAE04EC0-301F-11D3-BF4B-00C04F79EFBC}") = "_004FilterdElement", "_004FilterdElement\_004FilterdElement.csproj", "{B89F345E-3357-4F1D-9C5B-21EF0B4442DB}"
EndProject
Project("{FAE04EC0-301F-11D3-BF4B-00C04F79EFBC}") = "_005HighlightingWalls", "_005HighlightingWalls\_005HighlightingWalls.csproj", "{FF37BCBF-8114-4E41-B580-F05AA7F3E227}"
EndProject
Project("{FAE04EC0-301F-11D3-BF4B-00C04F79EFBC}") = "_006IExternalApp", "_006IExternalApp\_006IExternalApp.csproj", "{482569C1-04D4-49A5-B0E0-0E9C5766D278}"
EndProject
Project("{FAE04EC0-301F-11D3-BF4B-00C04F79EFBC}") = "_007TaskDialog", "_007TaskDialog\_007TaskDialog.csproj", "{2730680D-B4D9-4345-A16F-B7B9E3160FCB}"
EndProject
Project("{FAE04EC0-301F-11D3-BF4B-00C04F79EFBC}") = "_008GetVersionInfo", "_008GetVersionInfo\_008GetVersionInfo.csproj", "{ABA76EFD-7DA3-4B88-A3BA-6774A04D2544}"
EndProject
Project("{FAE04EC0-301F-11D3-BF4B-00C04F79EFBC}") = "_009GetAElement", "_009GetAElement\_009GetAElement.csproj", "{12415BF3-EF8B-4427-A06F-0252F5FBD541}"
EndProject
Project("{FAE04EC0-301F-11D3-BF4B-00C04F79EFBC}") = "_010FamilyLoad", "_010FamilyLoad\_010FamilyLoad.csproj", "{16774D5F-8E61-4AA3-9316-0D3B125B60E8}"
EndProject
Project("{FAE04EC0-301F-11D3-BF4B-00C04F79EFBC}") = "_011EleFilter", "_011EleFilter\_011EleFilter.csproj", "{338081A1-15FE-4608-A9B6-FA8065F7D87B}"
EndProject
Global
	GlobalSection(SolutionConfigurationPlatforms) = preSolution
		Debug|Any CPU = Debug|Any CPU
		Release|Any CPU = Release|Any CPU
	EndGlobalSection
	GlobalSection(ProjectConfigurationPlatforms) = postSolution
		{6377B1A2-FBF6-45F4-9CB2-9339B6DA6FAD}.Debug|Any CPU.ActiveCfg = Debug|Any CPU
		{6377B1A2-FBF6-45F4-9CB2-9339B6DA6FAD}.Debug|Any CPU.Build.0 = Debug|Any CPU
		{6377B1A2-FBF6-45F4-9CB2-9339B6DA6FAD}.Release|Any CPU.ActiveCfg = Release|Any CPU
		{6377B1A2-FBF6-45F4-9CB2-9339B6DA6FAD}.Release|Any CPU.Build.0 = Release|Any CPU
		{2B04C8AD-E321-4263-8F2D-10DB5BA11805}.Debug|Any CPU.ActiveCfg = Debug|Any CPU
		{2B04C8AD-E321-4263-8F2D-10DB5BA11805}.Debug|Any CPU.Build.0 = Debug|Any CPU
		{2B04C8AD-E321-4263-8F2D-10DB5BA11805}.Release|Any CPU.ActiveCfg = Release|Any CPU
		{2B04C8AD-E321-4263-8F2D-10DB5BA11805}.Release|Any CPU.Build.0 = Release|Any CPU
		{92B0755E-79DE-42EE-A127-610D2C5F95FA}.Debug|Any CPU.ActiveCfg = Debug|Any CPU
		{92B0755E-79DE-42EE-A127-610D2C5F95FA}.Debug|Any CPU.Build.0 = Debug|Any CPU
		{92B0755E-79DE-42EE-A127-610D2C5F95FA}.Release|Any CPU.ActiveCfg = Release|Any CPU
		{92B0755E-79DE-42EE-A127-610D2C5F95FA}.Release|Any CPU.Build.0 = Release|Any CPU
		{B89F345E-3357-4F1D-9C5B-21EF0B4442DB}.Debug|Any CPU.ActiveCfg = Debug|Any CPU
		{B89F345E-3357-4F1D-9C5B-21EF0B4442DB}.Debug|Any CPU.Build.0 = Debug|Any CPU
		{B89F345E-3357-4F1D-9C5B-21EF0B4442DB}.Release|Any CPU.ActiveCfg = Release|Any CPU
		{B89F345E-3357-4F1D-9C5B-21EF0B4442DB}.Release|Any CPU.Build.0 = Release|Any CPU
		{FF37BCBF-8114-4E41-B580-F05AA7F3E227}.Debug|Any CPU.ActiveCfg = Debug|Any CPU
		{FF37BCBF-8114-4E41-B580-F05AA7F3E227}.Debug|Any CPU.Build.0 = Debug|Any CPU
		{FF37BCBF-8114-4E41-B580-F05AA7F3E227}.Release|Any CPU.ActiveCfg = Release|Any CPU
		{FF37BCBF-8114-4E41-B580-F05AA7F3E227}.Release|Any CPU.Build.0 = Release|Any CPU
		{482569C1-04D4-49A5-B0E0-0E9C5766D278}.Debug|Any CPU.ActiveCfg = Debug|Any CPU
		{482569C1-04D4-49A5-B0E0-0E9C5766D278}.Debug|Any CPU.Build.0 = Debug|Any CPU
		{482569C1-04D4-49A5-B0E0-0E9C5766D278}.Release|Any CPU.ActiveCfg = Release|Any CPU
		{482569C1-04D4-49A5-B0E0-0E9C5766D278}.Release|Any CPU.Build.0 = Release|Any CPU
		{2730680D-B4D9-4345-A16F-B7B9E3160FCB}.Debug|Any CPU.ActiveCfg = Debug|Any CPU
		{2730680D-B4D9-4345-A16F-B7B9E3160FCB}.Debug|Any CPU.Build.0 = Debug|Any CPU
		{2730680D-B4D9-4345-A16F-B7B9E3160FCB}.Release|Any CPU.ActiveCfg = Release|Any CPU
		{2730680D-B4D9-4345-A16F-B7B9E3160FCB}.Release|Any CPU.Build.0 = Release|Any CPU
		{ABA76EFD-7DA3-4B88-A3BA-6774A04D2544}.Debug|Any CPU.ActiveCfg = Debug|Any CPU
		{ABA76EFD-7DA3-4B88-A3BA-6774A04D2544}.Debug|Any CPU.Build.0 = Debug|Any CPU
		{ABA76EFD-7DA3-4B88-A3BA-6774A04D2544}.Release|Any CPU.ActiveCfg = Release|Any CPU
		{ABA76EFD-7DA3-4B88-A3BA-6774A04D2544}.Release|Any CPU.Build.0 = Release|Any CPU
		{12415BF3-EF8B-4427-A06F-0252F5FBD541}.Debug|Any CPU.ActiveCfg = Debug|Any CPU
		{12415BF3-EF8B-4427-A06F-0252F5FBD541}.Debug|Any CPU.Build.0 = Debug|Any CPU
		{12415BF3-EF8B-4427-A06F-0252F5FBD541}.Release|Any CPU.ActiveCfg = Release|Any CPU
		{12415BF3-EF8B-4427-A06F-0252F5FBD541}.Release|Any CPU.Build.0 = Release|Any CPU
		{16774D5F-8E61-4AA3-9316-0D3B125B60E8}.Debug|Any CPU.ActiveCfg = Debug|Any CPU
		{16774D5F-8E61-4AA3-9316-0D3B125B60E8}.Debug|Any CPU.Build.0 = Debug|Any CPU
		{16774D5F-8E61-4AA3-9316-0D3B125B60E8}.Release|Any CPU.ActiveCfg = Release|Any CPU
		{16774D5F-8E61-4AA3-9316-0D3B125B60E8}.Release|Any CPU.Build.0 = Release|Any CPU
		{338081A1-15FE-4608-A9B6-FA8065F7D87B}.Debug|Any CPU.ActiveCfg = Debug|Any CPU
		{338081A1-15FE-4608-A9B6-FA8065F7D87B}.Debug|Any CPU.Build.0 = Debug|Any CPU
		{338081A1-15FE-4608-A9B6-FA8065F7D87B}.Release|Any CPU.ActiveCfg = Release|Any CPU
		{338081A1-15FE-4608-A9B6-FA8065F7D87B}.Release|Any CPU.Build.0 = Release|Any CPU
	EndGlobalSection
	GlobalSection(SolutionProperties) = preSolution
		HideSolutionNode = FALSE
	EndGlobalSection
	GlobalSection(ExtensibilityGlobals) = postSolution
		SolutionGuid = {05798D8F-7722-4FF7-940D-C1B25E2719C7}
	EndGlobalSection
EndGlobal
