
Microsoft Visual Studio Solution File, Format Version 12.00
# Visual Studio 15
VisualStudioVersion = 15.0.28307.271
MinimumVisualStudioVersion = 10.0.40219.1
Project("{FAE04EC0-301F-11D3-BF4B-00C04F79EFBC}") = "_001HelloWorld", "_001HelloWorld\_001HelloWorld.csproj", "{6377B1A2-FBF6-45F4-9CB2-9339B6DA6FAD}"
EndProject
Global
	GlobalSection(SolutionConfigurationPlatforms) = preSolution
		Debug|Any CPU = Debug|Any CPU
		Release|Any CPU = Release|Any CPU
	EndGlobalSection
	GlobalSection(ProjectConfigurationPlatforms) = postSolution
		{6377B1A2-FBF6-45F4-9CB2-9339B6DA6FAD}.Debug|Any CPU.ActiveCfg = Debug|Any CPU
		{6377B1A2-FBF6-45F4-9CB2-9339B6DA6FAD}.Debug|Any CPU.Build.0 = Debug|Any CPU
		{6377B1A2-FBF6-45F4-9CB2-9339B6DA6FAD}.Release|Any CPU.ActiveCfg = Release|Any CPU
		{6377B1A2-FBF6-45F4-9CB2-9339B6DA6FAD}.Release|Any CPU.Build.0 = Release|Any CPU
	EndGlobalSection
	GlobalSection(SolutionProperties) = preSolution
		HideSolutionNode = FALSE
	EndGlobalSection
	GlobalSection(ExtensibilityGlobals) = postSolution
		SolutionGuid = {05798D8F-7722-4FF7-940D-C1B25E2719C7}
	EndGlobalSection
EndGlobal
